{
  "version": 4,
  "terraform_version": "1.13.3",
  "serial": 150,
  "lineage": "8585ed93-7872-c010-3675-1f8a640491cc",
  "outputs": {
    "api_gateway_url": {
      "value": "https://vf8wpnzzgf.execute-api.us-east-1.amazonaws.com/dev",
      "type": "string"
    },
    "api_handler_function_name": {
      "value": "cost-tracker-api-handler",
      "type": "string"
    },
    "cloudfront_distribution_id": {
      "value": "E1AHR1Z8GEIWHB",
      "type": "string"
    },
    "cloudfront_domain_name": {
      "value": "dat5ebqhkbl9j.cloudfront.net",
      "type": "string"
    },
    "cloudwatch_alarm_name": {
      "value": "cost-tracker-billing-alarm",
      "type": "string"
    },
    "cost_logger_function_name": {
      "value": "cost-tracker-cost-logger",
      "type": "string"
    },
    "dashboard_url": {
      "value": "https://dat5ebqhkbl9j.cloudfront.net",
      "type": "string"
    },
    "deployment_instructions": {
      "value": "Deployment completed! Here's what you need to do next:\n    \n1. Test the system:\n   - Visit the dashboard: https://dat5ebqhkbl9j.cloudfront.net\n   - Manually invoke the cost logger Lambda function\n   - Check DynamoDB for logged entries\n    \n2. For testing alerts:\n   - Lower the cost_threshold in terraform.tfvars to $0.01\n   - Run: terraform apply\n   - The alarm should trigger quickly for testing\n    \nDashboard URL: https://dat5ebqhkbl9j.cloudfront.net\nAPI URL: https://vf8wpnzzgf.execute-api.us-east-1.amazonaws.com/dev\n",
      "type": "string"
    },
    "dynamodb_table_arn": {
      "value": "arn:aws:dynamodb:us-east-1:756594419684:table/cost-tracker-cost-logs",
      "type": "string"
    },
    "dynamodb_table_name": {
      "value": "cost-tracker-cost-logs",
      "type": "string"
    },
    "eventbridge_rule_name": {
      "value": "cost-tracker-cost-logger-schedule",
      "type": "string"
    },
    "s3_bucket_name": {
      "value": "cost-tracker-dashboard-8exmz3u1",
      "type": "string"
    },
    "s3_bucket_website_url": {
      "value": "http://cost-tracker-dashboard-8exmz3u1.s3-website-us-east-1.amazonaws.com",
      "type": "string"
    },
    "sns_topic_arn": {
      "value": "arn:aws:sns:us-east-1:756594419684:cost-tracker-cost-alerts",
      "type": "string"
    }
  },
  "resources": [
    {
      "mode": "data",
      "type": "archive_file",
      "name": "api_handler_zip",
      "provider": "provider[\"registry.terraform.io/hashicorp/archive\"]",
      "instances": [
        {
          "schema_version": 0,
          "attributes": {
            "exclude_symlink_directories": null,
            "excludes": null,
            "id": "ad340bf4efeedef9a50f2878c2aab8fbf9bc1fb8",
            "output_base64sha256": "3OM4Z3EdMr6obfmOAA2rhLlqwtEifTbh9Pyug429eoY=",
            "output_base64sha512": "gsgbA8ndZ5H1PdCNGGPLq+Av/k4cagcxm5ua72t3dSRBjzlmY+IxXnP2j3vzm7xYgQ0KPzrglFjQ6amMdfmwrw==",
            "output_file_mode": null,
            "output_md5": "bb01c0f1b30df0af39a8a30164b76af7",
            "output_path": "C:/Users/DeeJhay/Documents/cloud-cost-tracker/lambda/api_handler.zip",
            "output_sha": "ad340bf4efeedef9a50f2878c2aab8fbf9bc1fb8",
            "output_sha256": "dce33867711d32bea86df98e000dab84b96ac2d1227d36e1f4fcae838dbd7a86",
            "output_sha512": "82c81b03c9dd6791f53dd08d1863cbabe02ffe4e1c6a07319b9b9aef6b777524418f396663e2315e73f68f7bf39bbc58810d0a3f3ae09458d0e9a98c75f9b0af",
            "output_size": 6166,
            "source": [],
            "source_content": null,
            "source_content_filename": null,
            "source_dir": null,
            "source_file": "C:/Users/DeeJhay/Documents/cloud-cost-tracker/lambda/api_handler.py",
            "type": "zip"
          },
          "sensitive_attributes": [],
          "identity_schema_version": 0
        }
      ]
    },
    {
      "mode": "data",
      "type": "archive_file",
      "name": "cost_logger_zip",
      "provider": "provider[\"registry.terraform.io/hashicorp/archive\"]",
      "instances": [
        {
          "schema_version": 0,
          "attributes": {
            "exclude_symlink_directories": null,
            "excludes": null,
            "id": "8a1fd7420e29c57b153d647bfb3358cb4d2930a0",
            "output_base64sha256": "CRE9alIUe8qtCDQxV0r9HjL0N/2PLbNsQGfFUyTpcS0=",
            "output_base64sha512": "XyFq4eEV6C6+5gC4mmo/AmfAgGSxl3uKIUB7PWufTBFWtA8KYaVwlerHGJO12mKvj89ES0kZcZkF21COFXPFOg==",
            "output_file_mode": null,
            "output_md5": "8a2fb84c475edc690368889474945653",
            "output_path": "C:/Users/DeeJhay/Documents/cloud-cost-tracker/lambda/cost_logger.zip",
            "output_sha": "8a1fd7420e29c57b153d647bfb3358cb4d2930a0",
            "output_sha256": "09113d6a52147bcaad083431574afd1e32f437fd8f2db36c4067c55324e9712d",
            "output_sha512": "5f216ae1e115e82ebee600b89a6a3f0267c08064b1977b8a21407b3d6b9f4c1156b40f0a61a57095eac71893b5da62af8fcf444b4919719905db508e1573c53a",
            "output_size": 3395,
            "source": [],
            "source_content": null,
            "source_content_filename": null,
            "source_dir": null,
            "source_file": "C:/Users/DeeJhay/Documents/cloud-cost-tracker/lambda/cost_logger.py",
            "type": "zip"
          },
          "sensitive_attributes": [],
          "identity_schema_version": 0
        }
      ]
    },
    {
      "mode": "data",
      "type": "aws_caller_identity",
      "name": "current",
      "provider": "provider[\"registry.terraform.io/hashicorp/aws\"]",
      "instances": [
        {
          "schema_version": 0,
          "attributes": {
            "account_id": "756594419684",
            "arn": "arn:aws:iam::756594419684:user/DeeJhay",
            "id": "756594419684",
            "user_id": "AIDA3AKEKU7SAAVIB7LK6"
          },
          "sensitive_attributes": [],
          "identity_schema_version": 0
        }
      ]
    },
    {
      "mode": "data",
      "type": "aws_region",
      "name": "current",
      "provider": "provider[\"registry.terraform.io/hashicorp/aws\"]",
      "instances": [
        {
          "schema_version": 0,
          "attributes": {
            "description": "US East (N. Virginia)",
            "endpoint": "ec2.us-east-1.amazonaws.com",
            "id": "us-east-1",
            "name": "us-east-1"
          },
          "sensitive_attributes": [],
          "identity_schema_version": 0
        }
      ]
    },
    {
      "mode": "managed",
      "type": "aws_api_gateway_deployment",
      "name": "cost_tracker_deployment",
      "provider": "provider[\"registry.terraform.io/hashicorp/aws\"]",
      "instances": [
        {
          "schema_version": 0,
          "attributes": {
            "canary_settings": [],
            "created_date": "2025-10-03T10:54:17Z",
            "description": "",
            "execution_arn": "arn:aws:execute-api:us-east-1:756594419684:vf8wpnzzgf/",
            "id": "hoad65",
            "invoke_url": "https://vf8wpnzzgf.execute-api.us-east-1.amazonaws.com/",
            "rest_api_id": "vf8wpnzzgf",
            "stage_description": null,
            "stage_name": null,
            "triggers": {
              "redeployment": "2025-10-03T10:54:12Z"
            },
            "variables": null
          },
          "sensitive_attributes": [],
          "identity_schema_version": 0,
          "private": "bnVsbA==",
          "dependencies": [
            "aws_api_gateway_integration.dashboard_data_integration",
            "aws_api_gateway_integration.dashboard_data_options_integration",
            "aws_api_gateway_integration.lambda_integration",
            "aws_api_gateway_integration.options_integration",
            "aws_api_gateway_integration.stop_ec2_integration",
            "aws_api_gateway_integration.stop_ec2_options_integration",
            "aws_api_gateway_integration.update_threshold_integration",
            "aws_api_gateway_integration.update_threshold_options_integration",
            "aws_api_gateway_method.dashboard_data_get",
            "aws_api_gateway_method.dashboard_data_options",
            "aws_api_gateway_method.get_cost_data",
            "aws_api_gateway_method.options_method",
            "aws_api_gateway_method.stop_ec2_options",
            "aws_api_gateway_method.stop_ec2_post",
            "aws_api_gateway_method.update_threshold_options",
            "aws_api_gateway_method.update_threshold_post",
            "aws_api_gateway_resource.dashboard_data",
            "aws_api_gateway_resource.stop_ec2",
            "aws_api_gateway_resource.update_threshold",
            "aws_api_gateway_rest_api.cost_tracker_api",
            "aws_dynamodb_table.cost_logs",
            "aws_iam_role.lambda_role",
            "aws_lambda_function.api_handler",
            "aws_sns_topic.cost_alerts",
            "data.archive_file.api_handler_zip"
          ],
          "create_before_destroy": true
        },
        {
          "deposed": "80ccb8fc",
          "schema_version": 0,
          "attributes": {
            "canary_settings": [],
            "created_date": "2025-10-03T10:39:46Z",
            "description": "",
            "execution_arn": "arn:aws:execute-api:us-east-1:756594419684:vf8wpnzzgf/dev",
            "id": "0a3yxv",
            "invoke_url": "https://vf8wpnzzgf.execute-api.us-east-1.amazonaws.com/dev",
            "rest_api_id": "vf8wpnzzgf",
            "stage_description": null,
            "stage_name": "dev",
            "triggers": {
              "redeployment": "2025-10-03T10:39:19Z"
            },
            "variables": null
          },
          "sensitive_attributes": [],
          "identity_schema_version": 0,
          "private": "bnVsbA==",
          "dependencies": [
            "aws_api_gateway_integration.dashboard_data_integration",
            "aws_api_gateway_integration.dashboard_data_options_integration",
            "aws_api_gateway_integration.lambda_integration",
            "aws_api_gateway_integration.options_integration",
            "aws_api_gateway_integration.stop_ec2_integration",
            "aws_api_gateway_integration.stop_ec2_options_integration",
            "aws_api_gateway_integration.update_threshold_integration",
            "aws_api_gateway_integration.update_threshold_options_integration",
            "aws_api_gateway_method.dashboard_data_get",
            "aws_api_gateway_method.dashboard_data_options",
            "aws_api_gateway_method.get_cost_data",
            "aws_api_gateway_method.options_method",
            "aws_api_gateway_method.stop_ec2_options",
            "aws_api_gateway_method.stop_ec2_post",
            "aws_api_gateway_method.update_threshold_options",
            "aws_api_gateway_method.update_threshold_post",
            "aws_api_gateway_resource.dashboard_data",
            "aws_api_gateway_resource.stop_ec2",
            "aws_api_gateway_resource.update_threshold",
            "aws_api_gateway_rest_api.cost_tracker_api",
            "aws_dynamodb_table.cost_logs",
            "aws_iam_role.lambda_role",
            "aws_lambda_function.api_handler",
            "aws_sns_topic.cost_alerts",
            "data.archive_file.api_handler_zip"
          ],
          "create_before_destroy": true
        }
      ]
    },
    {
      "mode": "managed",
      "type": "aws_api_gateway_integration",
      "name": "dashboard_data_integration",
      "provider": "provider[\"registry.terraform.io/hashicorp/aws\"]",
      "instances": [
        {
          "schema_version": 0,
          "attributes": {
            "cache_key_parameters": [],
            "cache_namespace": "2lwjtb",
            "connection_id": "",
            "connection_type": "INTERNET",
            "content_handling": "",
            "credentials": "",
            "http_method": "GET",
            "id": "agi-vf8wpnzzgf-2lwjtb-GET",
            "integration_http_method": "POST",
            "passthrough_behavior": "WHEN_NO_MATCH",
            "request_parameters": {},
            "request_templates": {},
            "resource_id": "2lwjtb",
            "rest_api_id": "vf8wpnzzgf",
            "timeout_milliseconds": 29000,
            "tls_config": [],
            "type": "AWS_PROXY",
            "uri": "arn:aws:apigateway:us-east-1:lambda:path/2015-03-31/functions/arn:aws:lambda:us-east-1:756594419684:function:cost-tracker-api-handler/invocations"
          },
          "sensitive_attributes": [],
          "identity_schema_version": 0,
          "private": "bnVsbA==",
          "dependencies": [
            "aws_api_gateway_method.dashboard_data_get",
            "aws_api_gateway_resource.dashboard_data",
            "aws_api_gateway_rest_api.cost_tracker_api",
            "aws_dynamodb_table.cost_logs",
            "aws_iam_role.lambda_role",
            "aws_lambda_function.api_handler",
            "aws_sns_topic.cost_alerts",
            "data.archive_file.api_handler_zip"
          ],
          "create_before_destroy": true
        }
      ]
    },
    {
      "mode": "managed",
      "type": "aws_api_gateway_integration",
      "name": "dashboard_data_options_integration",
      "provider": "provider[\"registry.terraform.io/hashicorp/aws\"]",
      "instances": [
        {
          "schema_version": 0,
          "attributes": {
            "cache_key_parameters": [],
            "cache_namespace": "2lwjtb",
            "connection_id": "",
            "connection_type": "INTERNET",
            "content_handling": "",
            "credentials": "",
            "http_method": "OPTIONS",
            "id": "agi-vf8wpnzzgf-2lwjtb-OPTIONS",
            "integration_http_method": "POST",
            "passthrough_behavior": "WHEN_NO_MATCH",
            "request_parameters": {},
            "request_templates": {},
            "resource_id": "2lwjtb",
            "rest_api_id": "vf8wpnzzgf",
            "timeout_milliseconds": 29000,
            "tls_config": [],
            "type": "AWS_PROXY",
            "uri": "arn:aws:apigateway:us-east-1:lambda:path/2015-03-31/functions/arn:aws:lambda:us-east-1:756594419684:function:cost-tracker-api-handler/invocations"
          },
          "sensitive_attributes": [],
          "identity_schema_version": 0,
          "private": "bnVsbA==",
          "dependencies": [
            "aws_api_gateway_method.dashboard_data_options",
            "aws_api_gateway_resource.dashboard_data",
            "aws_api_gateway_rest_api.cost_tracker_api",
            "aws_dynamodb_table.cost_logs",
            "aws_iam_role.lambda_role",
            "aws_lambda_function.api_handler",
            "aws_sns_topic.cost_alerts",
            "data.archive_file.api_handler_zip"
          ],
          "create_before_destroy": true
        }
      ]
    },
    {
      "mode": "managed",
      "type": "aws_api_gateway_integration",
      "name": "lambda_integration",
      "provider": "provider[\"registry.terraform.io/hashicorp/aws\"]",
      "instances": [
        {
          "schema_version": 0,
          "attributes": {
            "cache_key_parameters": [],
            "cache_namespace": "lb1b59a3t3",
            "connection_id": "",
            "connection_type": "INTERNET",
            "content_handling": "",
            "credentials": "",
            "http_method": "GET",
            "id": "agi-vf8wpnzzgf-lb1b59a3t3-GET",
            "integration_http_method": "POST",
            "passthrough_behavior": "WHEN_NO_MATCH",
            "request_parameters": {},
            "request_templates": {},
            "resource_id": "lb1b59a3t3",
            "rest_api_id": "vf8wpnzzgf",
            "timeout_milliseconds": 29000,
            "tls_config": [],
            "type": "AWS_PROXY",
            "uri": "arn:aws:apigateway:us-east-1:lambda:path/2015-03-31/functions/arn:aws:lambda:us-east-1:756594419684:function:cost-tracker-api-handler/invocations"
          },
          "sensitive_attributes": [],
          "identity_schema_version": 0,
          "private": "bnVsbA==",
          "dependencies": [
            "aws_api_gateway_method.get_cost_data",
            "aws_api_gateway_rest_api.cost_tracker_api",
            "aws_dynamodb_table.cost_logs",
            "aws_iam_role.lambda_role",
            "aws_lambda_function.api_handler",
            "aws_sns_topic.cost_alerts",
            "data.archive_file.api_handler_zip"
          ],
          "create_before_destroy": true
        }
      ]
    },
    {
      "mode": "managed",
      "type": "aws_api_gateway_integration",
      "name": "options_integration",
      "provider": "provider[\"registry.terraform.io/hashicorp/aws\"]",
      "instances": [
        {
          "schema_version": 0,
          "attributes": {
            "cache_key_parameters": [],
            "cache_namespace": "lb1b59a3t3",
            "connection_id": "",
            "connection_type": "INTERNET",
            "content_handling": "",
            "credentials": "",
            "http_method": "OPTIONS",
            "id": "agi-vf8wpnzzgf-lb1b59a3t3-OPTIONS",
            "integration_http_method": "POST",
            "passthrough_behavior": "WHEN_NO_MATCH",
            "request_parameters": {},
            "request_templates": {},
            "resource_id": "lb1b59a3t3",
            "rest_api_id": "vf8wpnzzgf",
            "timeout_milliseconds": 29000,
            "tls_config": [],
            "type": "AWS_PROXY",
            "uri": "arn:aws:apigateway:us-east-1:lambda:path/2015-03-31/functions/arn:aws:lambda:us-east-1:756594419684:function:cost-tracker-api-handler/invocations"
          },
          "sensitive_attributes": [],
          "identity_schema_version": 0,
          "private": "bnVsbA==",
          "dependencies": [
            "aws_api_gateway_method.options_method",
            "aws_api_gateway_rest_api.cost_tracker_api",
            "aws_dynamodb_table.cost_logs",
            "aws_iam_role.lambda_role",
            "aws_lambda_function.api_handler",
            "aws_sns_topic.cost_alerts",
            "data.archive_file.api_handler_zip"
          ],
          "create_before_destroy": true
        }
      ]
    },
    {
      "mode": "managed",
      "type": "aws_api_gateway_integration",
      "name": "stop_ec2_integration",
      "provider": "provider[\"registry.terraform.io/hashicorp/aws\"]",
      "instances": [
        {
          "schema_version": 0,
          "attributes": {
            "cache_key_parameters": [],
            "cache_namespace": "1getef",
            "connection_id": "",
            "connection_type": "INTERNET",
            "content_handling": "",
            "credentials": "",
            "http_method": "POST",
            "id": "agi-vf8wpnzzgf-1getef-POST",
            "integration_http_method": "POST",
            "passthrough_behavior": "WHEN_NO_MATCH",
            "request_parameters": {},
            "request_templates": {},
            "resource_id": "1getef",
            "rest_api_id": "vf8wpnzzgf",
            "timeout_milliseconds": 29000,
            "tls_config": [],
            "type": "AWS_PROXY",
            "uri": "arn:aws:apigateway:us-east-1:lambda:path/2015-03-31/functions/arn:aws:lambda:us-east-1:756594419684:function:cost-tracker-api-handler/invocations"
          },
          "sensitive_attributes": [],
          "identity_schema_version": 0,
          "private": "bnVsbA==",
          "dependencies": [
            "aws_api_gateway_method.stop_ec2_post",
            "aws_api_gateway_resource.stop_ec2",
            "aws_api_gateway_rest_api.cost_tracker_api",
            "aws_dynamodb_table.cost_logs",
            "aws_iam_role.lambda_role",
            "aws_lambda_function.api_handler",
            "aws_sns_topic.cost_alerts",
            "data.archive_file.api_handler_zip"
          ],
          "create_before_destroy": true
        }
      ]
    },
    {
      "mode": "managed",
      "type": "aws_api_gateway_integration",
      "name": "stop_ec2_options_integration",
      "provider": "provider[\"registry.terraform.io/hashicorp/aws\"]",
      "instances": [
        {
          "schema_version": 0,
          "attributes": {
            "cache_key_parameters": [],
            "cache_namespace": "1getef",
            "connection_id": "",
            "connection_type": "INTERNET",
            "content_handling": "",
            "credentials": "",
            "http_method": "OPTIONS",
            "id": "agi-vf8wpnzzgf-1getef-OPTIONS",
            "integration_http_method": "POST",
            "passthrough_behavior": "WHEN_NO_MATCH",
            "request_parameters": {},
            "request_templates": {},
            "resource_id": "1getef",
            "rest_api_id": "vf8wpnzzgf",
            "timeout_milliseconds": 29000,
            "tls_config": [],
            "type": "AWS_PROXY",
            "uri": "arn:aws:apigateway:us-east-1:lambda:path/2015-03-31/functions/arn:aws:lambda:us-east-1:756594419684:function:cost-tracker-api-handler/invocations"
          },
          "sensitive_attributes": [],
          "identity_schema_version": 0,
          "private": "bnVsbA==",
          "dependencies": [
            "aws_api_gateway_method.stop_ec2_options",
            "aws_api_gateway_resource.stop_ec2",
            "aws_api_gateway_rest_api.cost_tracker_api",
            "aws_dynamodb_table.cost_logs",
            "aws_iam_role.lambda_role",
            "aws_lambda_function.api_handler",
            "aws_sns_topic.cost_alerts",
            "data.archive_file.api_handler_zip"
          ],
          "create_before_destroy": true
        }
      ]
    },
    {
      "mode": "managed",
      "type": "aws_api_gateway_integration",
      "name": "update_threshold_integration",
      "provider": "provider[\"registry.terraform.io/hashicorp/aws\"]",
      "instances": [
        {
          "schema_version": 0,
          "attributes": {
            "cache_key_parameters": [],
            "cache_namespace": "9jjwsk",
            "connection_id": "",
            "connection_type": "INTERNET",
            "content_handling": "",
            "credentials": "",
            "http_method": "POST",
            "id": "agi-vf8wpnzzgf-9jjwsk-POST",
            "integration_http_method": "POST",
            "passthrough_behavior": "WHEN_NO_MATCH",
            "request_parameters": {},
            "request_templates": {},
            "resource_id": "9jjwsk",
            "rest_api_id": "vf8wpnzzgf",
            "timeout_milliseconds": 29000,
            "tls_config": [],
            "type": "AWS_PROXY",
            "uri": "arn:aws:apigateway:us-east-1:lambda:path/2015-03-31/functions/arn:aws:lambda:us-east-1:756594419684:function:cost-tracker-api-handler/invocations"
          },
          "sensitive_attributes": [],
          "identity_schema_version": 0,
          "private": "bnVsbA==",
          "dependencies": [
            "aws_api_gateway_method.update_threshold_post",
            "aws_api_gateway_resource.update_threshold",
            "aws_api_gateway_rest_api.cost_tracker_api",
            "aws_dynamodb_table.cost_logs",
            "aws_iam_role.lambda_role",
            "aws_lambda_function.api_handler",
            "aws_sns_topic.cost_alerts",
            "data.archive_file.api_handler_zip"
          ],
          "create_before_destroy": true
        }
      ]
    },
    {
      "mode": "managed",
      "type": "aws_api_gateway_integration",
      "name": "update_threshold_options_integration",
      "provider": "provider[\"registry.terraform.io/hashicorp/aws\"]",
      "instances": [
        {
          "schema_version": 0,
          "attributes": {
            "cache_key_parameters": [],
            "cache_namespace": "9jjwsk",
            "connection_id": "",
            "connection_type": "INTERNET",
            "content_handling": "",
            "credentials": "",
            "http_method": "OPTIONS",
            "id": "agi-vf8wpnzzgf-9jjwsk-OPTIONS",
            "integration_http_method": "POST",
            "passthrough_behavior": "WHEN_NO_MATCH",
            "request_parameters": {},
            "request_templates": {},
            "resource_id": "9jjwsk",
            "rest_api_id": "vf8wpnzzgf",
            "timeout_milliseconds": 29000,
            "tls_config": [],
            "type": "AWS_PROXY",
            "uri": "arn:aws:apigateway:us-east-1:lambda:path/2015-03-31/functions/arn:aws:lambda:us-east-1:756594419684:function:cost-tracker-api-handler/invocations"
          },
          "sensitive_attributes": [],
          "identity_schema_version": 0,
          "private": "bnVsbA==",
          "dependencies": [
            "aws_api_gateway_method.update_threshold_options",
            "aws_api_gateway_resource.update_threshold",
            "aws_api_gateway_rest_api.cost_tracker_api",
            "aws_dynamodb_table.cost_logs",
            "aws_iam_role.lambda_role",
            "aws_lambda_function.api_handler",
            "aws_sns_topic.cost_alerts",
            "data.archive_file.api_handler_zip"
          ],
          "create_before_destroy": true
        }
      ]
    },
    {
      "mode": "managed",
      "type": "aws_api_gateway_method",
      "name": "dashboard_data_get",
      "provider": "provider[\"registry.terraform.io/hashicorp/aws\"]",
      "instances": [
        {
          "schema_version": 0,
          "attributes": {
            "api_key_required": false,
            "authorization": "NONE",
            "authorization_scopes": [],
            "authorizer_id": "",
            "http_method": "GET",
            "id": "agm-vf8wpnzzgf-2lwjtb-GET",
            "operation_name": "",
            "request_models": {},
            "request_parameters": {},
            "request_validator_id": "",
            "resource_id": "2lwjtb",
            "rest_api_id": "vf8wpnzzgf"
          },
          "sensitive_attributes": [],
          "identity_schema_version": 0,
          "private": "bnVsbA==",
          "dependencies": [
            "aws_api_gateway_resource.dashboard_data",
            "aws_api_gateway_rest_api.cost_tracker_api"
          ],
          "create_before_destroy": true
        }
      ]
    },
    {
      "mode": "managed",
      "type": "aws_api_gateway_method",
      "name": "dashboard_data_options",
      "provider": "provider[\"registry.terraform.io/hashicorp/aws\"]",
      "instances": [
        {
          "schema_version": 0,
          "attributes": {
            "api_key_required": false,
            "authorization": "NONE",
            "authorization_scopes": [],
            "authorizer_id": "",
            "http_method": "OPTIONS",
            "id": "agm-vf8wpnzzgf-2lwjtb-OPTIONS",
            "operation_name": "",
            "request_models": {},
            "request_parameters": {},
            "request_validator_id": "",
            "resource_id": "2lwjtb",
            "rest_api_id": "vf8wpnzzgf"
          },
          "sensitive_attributes": [],
          "identity_schema_version": 0,
          "private": "bnVsbA==",
          "dependencies": [
            "aws_api_gateway_resource.dashboard_data",
            "aws_api_gateway_rest_api.cost_tracker_api"
          ],
          "create_before_destroy": true
        }
      ]
    },
    {
      "mode": "managed",
      "type": "aws_api_gateway_method",
      "name": "get_cost_data",
      "provider": "provider[\"registry.terraform.io/hashicorp/aws\"]",
      "instances": [
        {
          "schema_version": 0,
          "attributes": {
            "api_key_required": false,
            "authorization": "NONE",
            "authorization_scopes": [],
            "authorizer_id": "",
            "http_method": "GET",
            "id": "agm-vf8wpnzzgf-lb1b59a3t3-GET",
            "operation_name": "",
            "request_models": {},
            "request_parameters": {},
            "request_validator_id": "",
            "resource_id": "lb1b59a3t3",
            "rest_api_id": "vf8wpnzzgf"
          },
          "sensitive_attributes": [],
          "identity_schema_version": 0,
          "private": "bnVsbA==",
          "dependencies": [
            "aws_api_gateway_rest_api.cost_tracker_api"
          ],
          "create_before_destroy": true
        }
      ]
    },
    {
      "mode": "managed",
      "type": "aws_api_gateway_method",
      "name": "options_method",
      "provider": "provider[\"registry.terraform.io/hashicorp/aws\"]",
      "instances": [
        {
          "schema_version": 0,
          "attributes": {
            "api_key_required": false,
            "authorization": "NONE",
            "authorization_scopes": [],
            "authorizer_id": "",
            "http_method": "OPTIONS",
            "id": "agm-vf8wpnzzgf-lb1b59a3t3-OPTIONS",
            "operation_name": "",
            "request_models": {},
            "request_parameters": {},
            "request_validator_id": "",
            "resource_id": "lb1b59a3t3",
            "rest_api_id": "vf8wpnzzgf"
          },
          "sensitive_attributes": [],
          "identity_schema_version": 0,
          "private": "bnVsbA==",
          "dependencies": [
            "aws_api_gateway_rest_api.cost_tracker_api"
          ],
          "create_before_destroy": true
        }
      ]
    },
    {
      "mode": "managed",
      "type": "aws_api_gateway_method",
      "name": "stop_ec2_options",
      "provider": "provider[\"registry.terraform.io/hashicorp/aws\"]",
      "instances": [
        {
          "schema_version": 0,
          "attributes": {
            "api_key_required": false,
            "authorization": "NONE",
            "authorization_scopes": [],
            "authorizer_id": "",
            "http_method": "OPTIONS",
            "id": "agm-vf8wpnzzgf-1getef-OPTIONS",
            "operation_name": "",
            "request_models": {},
            "request_parameters": {},
            "request_validator_id": "",
            "resource_id": "1getef",
            "rest_api_id": "vf8wpnzzgf"
          },
          "sensitive_attributes": [],
          "identity_schema_version": 0,
          "private": "bnVsbA==",
          "dependencies": [
            "aws_api_gateway_resource.stop_ec2",
            "aws_api_gateway_rest_api.cost_tracker_api"
          ],
          "create_before_destroy": true
        }
      ]
    },
    {
      "mode": "managed",
      "type": "aws_api_gateway_method",
      "name": "stop_ec2_post",
      "provider": "provider[\"registry.terraform.io/hashicorp/aws\"]",
      "instances": [
        {
          "schema_version": 0,
          "attributes": {
            "api_key_required": false,
            "authorization": "NONE",
            "authorization_scopes": [],
            "authorizer_id": "",
            "http_method": "POST",
            "id": "agm-vf8wpnzzgf-1getef-POST",
            "operation_name": "",
            "request_models": {},
            "request_parameters": {},
            "request_validator_id": "",
            "resource_id": "1getef",
            "rest_api_id": "vf8wpnzzgf"
          },
          "sensitive_attributes": [],
          "identity_schema_version": 0,
          "private": "bnVsbA==",
          "dependencies": [
            "aws_api_gateway_resource.stop_ec2",
            "aws_api_gateway_rest_api.cost_tracker_api"
          ],
          "create_before_destroy": true
        }
      ]
    },
    {
      "mode": "managed",
      "type": "aws_api_gateway_method",
      "name": "update_threshold_options",
      "provider": "provider[\"registry.terraform.io/hashicorp/aws\"]",
      "instances": [
        {
          "schema_version": 0,
          "attributes": {
            "api_key_required": false,
            "authorization": "NONE",
            "authorization_scopes": [],
            "authorizer_id": "",
            "http_method": "OPTIONS",
            "id": "agm-vf8wpnzzgf-9jjwsk-OPTIONS",
            "operation_name": "",
            "request_models": {},
            "request_parameters": {},
            "request_validator_id": "",
            "resource_id": "9jjwsk",
            "rest_api_id": "vf8wpnzzgf"
          },
          "sensitive_attributes": [],
          "identity_schema_version": 0,
          "private": "bnVsbA==",
          "dependencies": [
            "aws_api_gateway_resource.update_threshold",
            "aws_api_gateway_rest_api.cost_tracker_api"
          ],
          "create_before_destroy": true
        }
      ]
    },
    {
      "mode": "managed",
      "type": "aws_api_gateway_method",
      "name": "update_threshold_post",
      "provider": "provider[\"registry.terraform.io/hashicorp/aws\"]",
      "instances": [
        {
          "schema_version": 0,
          "attributes": {
            "api_key_required": false,
            "authorization": "NONE",
            "authorization_scopes": [],
            "authorizer_id": "",
            "http_method": "POST",
            "id": "agm-vf8wpnzzgf-9jjwsk-POST",
            "operation_name": "",
            "request_models": {},
            "request_parameters": {},
            "request_validator_id": "",
            "resource_id": "9jjwsk",
            "rest_api_id": "vf8wpnzzgf"
          },
          "sensitive_attributes": [],
          "identity_schema_version": 0,
          "private": "bnVsbA==",
          "dependencies": [
            "aws_api_gateway_resource.update_threshold",
            "aws_api_gateway_rest_api.cost_tracker_api"
          ],
          "create_before_destroy": true
        }
      ]
    },
    {
      "mode": "managed",
      "type": "aws_api_gateway_resource",
      "name": "dashboard_data",
      "provider": "provider[\"registry.terraform.io/hashicorp/aws\"]",
      "instances": [
        {
          "schema_version": 0,
          "attributes": {
            "id": "2lwjtb",
            "parent_id": "lb1b59a3t3",
            "path": "/dashboard-data",
            "path_part": "dashboard-data",
            "rest_api_id": "vf8wpnzzgf"
          },
          "sensitive_attributes": [],
          "identity_schema_version": 0,
          "private": "bnVsbA==",
          "dependencies": [
            "aws_api_gateway_rest_api.cost_tracker_api"
          ],
          "create_before_destroy": true
        }
      ]
    },
    {
      "mode": "managed",
      "type": "aws_api_gateway_resource",
      "name": "stop_ec2",
      "provider": "provider[\"registry.terraform.io/hashicorp/aws\"]",
      "instances": [
        {
          "schema_version": 0,
          "attributes": {
            "id": "1getef",
            "parent_id": "lb1b59a3t3",
            "path": "/stop-ec2",
            "path_part": "stop-ec2",
            "rest_api_id": "vf8wpnzzgf"
          },
          "sensitive_attributes": [],
          "identity_schema_version": 0,
          "private": "bnVsbA==",
          "dependencies": [
            "aws_api_gateway_rest_api.cost_tracker_api"
          ],
          "create_before_destroy": true
        }
      ]
    },
    {
      "mode": "managed",
      "type": "aws_api_gateway_resource",
      "name": "update_threshold",
      "provider": "provider[\"registry.terraform.io/hashicorp/aws\"]",
      "instances": [
        {
          "schema_version": 0,
          "attributes": {
            "id": "9jjwsk",
            "parent_id": "lb1b59a3t3",
            "path": "/update-threshold",
            "path_part": "update-threshold",
            "rest_api_id": "vf8wpnzzgf"
          },
          "sensitive_attributes": [],
          "identity_schema_version": 0,
          "private": "bnVsbA==",
          "dependencies": [
            "aws_api_gateway_rest_api.cost_tracker_api"
          ],
          "create_before_destroy": true
        }
      ]
    },
    {
      "mode": "managed",
      "type": "aws_api_gateway_rest_api",
      "name": "cost_tracker_api",
      "provider": "provider[\"registry.terraform.io/hashicorp/aws\"]",
      "instances": [
        {
          "schema_version": 0,
          "attributes": {
            "api_key_source": "HEADER",
            "arn": "arn:aws:apigateway:us-east-1::/restapis/vf8wpnzzgf",
            "binary_media_types": [],
            "body": null,
            "created_date": "2025-10-01T00:34:16Z",
            "description": "Modern API for Cloud Cost Tracker with enhanced features",
            "disable_execute_api_endpoint": false,
            "endpoint_configuration": [
              {
                "ip_address_type": "ipv4",
                "types": [
                  "REGIONAL"
                ],
                "vpc_endpoint_ids": []
              }
            ],
            "execution_arn": "arn:aws:execute-api:us-east-1:756594419684:vf8wpnzzgf",
            "fail_on_warnings": null,
            "id": "vf8wpnzzgf",
            "minimum_compression_size": "",
            "name": "cost-tracker-api",
            "parameters": null,
            "policy": "",
            "put_rest_api_mode": null,
            "root_resource_id": "lb1b59a3t3",
            "tags": {
              "Environment": "dev",
              "Name": "cost-tracker-api"
            },
            "tags_all": {
              "Environment": "dev",
              "Name": "cost-tracker-api"
            }
          },
          "sensitive_attributes": [],
          "identity_schema_version": 0,
          "private": "bnVsbA==",
          "create_before_destroy": true
        }
      ]
    },
    {
      "mode": "managed",
      "type": "aws_api_gateway_stage",
      "name": "cost_tracker_stage",
      "provider": "provider[\"registry.terraform.io/hashicorp/aws\"]",
      "instances": [
        {
          "schema_version": 0,
          "attributes": {
            "access_log_settings": [],
            "arn": "arn:aws:apigateway:us-east-1::/restapis/vf8wpnzzgf/stages/dev",
            "cache_cluster_enabled": false,
            "cache_cluster_size": "",
            "canary_settings": [],
            "client_certificate_id": "",
            "deployment_id": "0a3yxv",
            "description": "",
            "documentation_version": "",
            "execution_arn": "arn:aws:execute-api:us-east-1:756594419684:vf8wpnzzgf/dev",
            "id": "ags-vf8wpnzzgf-dev",
            "invoke_url": "https://vf8wpnzzgf.execute-api.us-east-1.amazonaws.com/dev",
            "rest_api_id": "vf8wpnzzgf",
            "stage_name": "dev",
            "tags": {},
            "tags_all": {},
            "variables": {},
            "web_acl_arn": "",
            "xray_tracing_enabled": false
          },
          "sensitive_attributes": [],
          "identity_schema_version": 0,
          "private": "eyJzY2hlbWFfdmVyc2lvbiI6IjAifQ=="
        }
      ]
    },
    {
      "mode": "managed",
      "type": "aws_cloudfront_distribution",
      "name": "dashboard_distribution",
      "provider": "provider[\"registry.terraform.io/hashicorp/aws\"]",
      "instances": [
        {
          "schema_version": 1,
          "attributes": {
            "aliases": [],
            "arn": "arn:aws:cloudfront::756594419684:distribution/E1AHR1Z8GEIWHB",
            "caller_reference": "terraform-20251001003422845200000001",
            "comment": null,
            "continuous_deployment_policy_id": "",
            "custom_error_response": [
              {
                "error_caching_min_ttl": 0,
                "error_code": 403,
                "response_code": 200,
                "response_page_path": "/index.html"
              },
              {
                "error_caching_min_ttl": 0,
                "error_code": 404,
                "response_code": 200,
                "response_page_path": "/index.html"
              }
            ],
            "default_cache_behavior": [
              {
                "allowed_methods": [
                  "DELETE",
                  "GET",
                  "HEAD",
                  "OPTIONS",
                  "PATCH",
                  "POST",
                  "PUT"
                ],
                "cache_policy_id": "",
                "cached_methods": [
                  "GET",
                  "HEAD"
                ],
                "compress": true,
                "default_ttl": 3600,
                "field_level_encryption_id": "",
                "forwarded_values": [
                  {
                    "cookies": [
                      {
                        "forward": "none",
                        "whitelisted_names": []
                      }
                    ],
                    "headers": [],
                    "query_string": false,
                    "query_string_cache_keys": []
                  }
                ],
                "function_association": [],
                "grpc_config": [
                  {
                    "enabled": false
                  }
                ],
                "lambda_function_association": [],
                "max_ttl": 86400,
                "min_ttl": 0,
                "origin_request_policy_id": "",
                "realtime_log_config_arn": "",
                "response_headers_policy_id": "",
                "smooth_streaming": false,
                "target_origin_id": "S3-cost-tracker-dashboard-8exmz3u1",
                "trusted_key_groups": [],
                "trusted_signers": [],
                "viewer_protocol_policy": "redirect-to-https"
              }
            ],
            "default_root_object": "index.html",
            "domain_name": "dat5ebqhkbl9j.cloudfront.net",
            "enabled": true,
            "etag": "E1FINTWPK54A14",
            "hosted_zone_id": "Z2FDTNDATAQYW2",
            "http_version": "http2",
            "id": "E1AHR1Z8GEIWHB",
            "in_progress_validation_batches": 0,
            "is_ipv6_enabled": true,
            "last_modified_time": "2025-10-01 00:34:24.756 +0000 UTC",
            "logging_config": [],
            "ordered_cache_behavior": [],
            "origin": [
              {
                "connection_attempts": 3,
                "connection_timeout": 10,
                "custom_header": [],
                "custom_origin_config": [
                  {
                    "http_port": 80,
                    "https_port": 443,
                    "origin_keepalive_timeout": 5,
                    "origin_protocol_policy": "http-only",
                    "origin_read_timeout": 30,
                    "origin_ssl_protocols": [
                      "TLSv1.2"
                    ]
                  }
                ],
                "domain_name": "cost-tracker-dashboard-8exmz3u1.s3-website-us-east-1.amazonaws.com",
                "origin_access_control_id": "",
                "origin_id": "S3-cost-tracker-dashboard-8exmz3u1",
                "origin_path": "",
                "origin_shield": [],
                "s3_origin_config": [],
                "vpc_origin_config": []
              }
            ],
            "origin_group": [],
            "price_class": "PriceClass_100",
            "restrictions": [
              {
                "geo_restriction": [
                  {
                    "locations": [],
                    "restriction_type": "none"
                  }
                ]
              }
            ],
            "retain_on_delete": false,
            "staging": false,
            "status": "Deployed",
            "tags": {
              "Environment": "dev",
              "Name": "cost-tracker-cloudfront"
            },
            "tags_all": {
              "Environment": "dev",
              "Name": "cost-tracker-cloudfront"
            },
            "trusted_key_groups": [
              {
                "enabled": false,
                "items": []
              }
            ],
            "trusted_signers": [
              {
                "enabled": false,
                "items": []
              }
            ],
            "viewer_certificate": [
              {
                "acm_certificate_arn": "",
                "cloudfront_default_certificate": true,
                "iam_certificate_id": "",
                "minimum_protocol_version": "TLSv1",
                "ssl_support_method": ""
              }
            ],
            "wait_for_deployment": true,
            "web_acl_id": ""
          },
          "sensitive_attributes": [],
          "identity_schema_version": 0,
          "private": "eyJzY2hlbWFfdmVyc2lvbiI6IjEifQ==",
          "dependencies": [
            "aws_s3_bucket.dashboard_bucket",
            "aws_s3_bucket_website_configuration.dashboard_website",
            "random_string.bucket_suffix"
          ]
        }
      ]
    },
    {
      "mode": "managed",
      "type": "aws_cloudwatch_event_rule",
      "name": "cost_logger_schedule",
      "provider": "provider[\"registry.terraform.io/hashicorp/aws\"]",
      "instances": [
        {
          "schema_version": 1,
          "attributes": {
            "arn": "arn:aws:events:us-east-1:756594419684:rule/cost-tracker-cost-logger-schedule",
            "description": "Trigger cost logger via SNS on schedule",
            "event_bus_name": "default",
            "event_pattern": null,
            "force_destroy": false,
            "id": "cost-tracker-cost-logger-schedule",
            "is_enabled": true,
            "name": "cost-tracker-cost-logger-schedule",
            "name_prefix": "",
            "role_arn": "",
            "schedule_expression": "rate(6 hours)",
            "state": "ENABLED",
            "tags": {
              "Environment": "dev",
              "Name": "cost-tracker-cost-logger-schedule"
            },
            "tags_all": {
              "Environment": "dev",
              "Name": "cost-tracker-cost-logger-schedule"
            }
          },
          "sensitive_attributes": [],
          "identity_schema_version": 0,
          "private": "eyJzY2hlbWFfdmVyc2lvbiI6IjEifQ=="
        }
      ]
    },
    {
      "mode": "managed",
      "type": "aws_cloudwatch_event_target",
      "name": "sns_target",
      "provider": "provider[\"registry.terraform.io/hashicorp/aws\"]",
      "instances": [
        {
          "schema_version": 1,
          "attributes": {
            "appsync_target": [],
            "arn": "arn:aws:sns:us-east-1:756594419684:cost-tracker-cost-alerts",
            "batch_target": [],
            "dead_letter_config": [],
            "ecs_target": [],
            "event_bus_name": "default",
            "force_destroy": false,
            "http_target": [],
            "id": "cost-tracker-cost-logger-schedule-SNSTarget",
            "input": "",
            "input_path": "",
            "input_transformer": [],
            "kinesis_target": [],
            "redshift_target": [],
            "retry_policy": [],
            "role_arn": "",
            "rule": "cost-tracker-cost-logger-schedule",
            "run_command_targets": [],
            "sagemaker_pipeline_target": [],
            "sqs_target": [],
            "target_id": "SNSTarget"
          },
          "sensitive_attributes": [],
          "identity_schema_version": 0,
          "private": "eyJzY2hlbWFfdmVyc2lvbiI6IjEifQ==",
          "dependencies": [
            "aws_cloudwatch_event_rule.cost_logger_schedule",
            "aws_sns_topic.cost_alerts"
          ]
        }
      ]
    },
    {
      "mode": "managed",
      "type": "aws_cloudwatch_metric_alarm",
      "name": "billing_alarm",
      "provider": "provider[\"registry.terraform.io/hashicorp/aws\"]",
      "instances": [
        {
          "schema_version": 1,
          "attributes": {
            "actions_enabled": true,
            "alarm_actions": [
              "arn:aws:sns:us-east-1:756594419684:cost-tracker-cost-alerts"
            ],
            "alarm_description": "This metric monitors estimated billing charges",
            "alarm_name": "cost-tracker-billing-alarm",
            "arn": "arn:aws:cloudwatch:us-east-1:756594419684:alarm:cost-tracker-billing-alarm",
            "comparison_operator": "GreaterThanThreshold",
            "datapoints_to_alarm": 0,
            "dimensions": {
              "Currency": "USD"
            },
            "evaluate_low_sample_count_percentiles": "",
            "evaluation_periods": 1,
            "extended_statistic": "",
            "id": "cost-tracker-billing-alarm",
            "insufficient_data_actions": [],
            "metric_name": "EstimatedCharges",
            "metric_query": [],
            "namespace": "AWS/Billing",
            "ok_actions": [],
            "period": 86400,
            "statistic": "Maximum",
            "tags": {
              "Environment": "dev",
              "Name": "cost-tracker-billing-alarm"
            },
            "tags_all": {
              "Environment": "dev",
              "Name": "cost-tracker-billing-alarm"
            },
            "threshold": 0.03,
            "threshold_metric_id": "",
            "treat_missing_data": "missing",
            "unit": ""
          },
          "sensitive_attributes": [],
          "identity_schema_version": 0,
          "private": "eyJzY2hlbWFfdmVyc2lvbiI6IjEifQ==",
          "dependencies": [
            "aws_sns_topic.cost_alerts"
          ]
        }
      ]
    },
    {
      "mode": "managed",
      "type": "aws_dynamodb_table",
      "name": "cost_logs",
      "provider": "provider[\"registry.terraform.io/hashicorp/aws\"]",
      "instances": [
        {
          "schema_version": 1,
          "attributes": {
            "arn": "arn:aws:dynamodb:us-east-1:756594419684:table/cost-tracker-cost-logs",
            "attribute": [
              {
                "name": "id",
                "type": "S"
              }
            ],
            "billing_mode": "PAY_PER_REQUEST",
            "deletion_protection_enabled": false,
            "global_secondary_index": [],
            "hash_key": "id",
            "id": "cost-tracker-cost-logs",
            "import_table": [],
            "local_secondary_index": [],
            "name": "cost-tracker-cost-logs",
            "on_demand_throughput": [],
            "point_in_time_recovery": [
              {
                "enabled": false,
                "recovery_period_in_days": 0
              }
            ],
            "range_key": null,
            "read_capacity": 0,
            "replica": [],
            "restore_date_time": null,
            "restore_source_name": null,
            "restore_source_table_arn": null,
            "restore_to_latest_time": null,
            "server_side_encryption": [],
            "stream_arn": "",
            "stream_enabled": false,
            "stream_label": "",
            "stream_view_type": "",
            "table_class": "STANDARD",
            "tags": {
              "Environment": "dev",
              "Name": "cost-tracker-cost-logs"
            },
            "tags_all": {
              "Environment": "dev",
              "Name": "cost-tracker-cost-logs"
            },
            "timeouts": null,
            "ttl": [
              {
                "attribute_name": "",
                "enabled": false
              }
            ],
            "write_capacity": 0
          },
          "sensitive_attributes": [],
          "identity_schema_version": 0,
          "private": "eyJlMmJmYjczMC1lY2FhLTExZTYtOGY4OC0zNDM2M2JjN2M0YzAiOnsiY3JlYXRlIjoxODAwMDAwMDAwMDAwLCJkZWxldGUiOjYwMDAwMDAwMDAwMCwidXBkYXRlIjozNjAwMDAwMDAwMDAwfSwic2NoZW1hX3ZlcnNpb24iOiIxIn0=",
          "create_before_destroy": true
        }
      ]
    },
    {
      "mode": "managed",
      "type": "aws_iam_role",
      "name": "lambda_role",
      "provider": "provider[\"registry.terraform.io/hashicorp/aws\"]",
      "instances": [
        {
          "schema_version": 0,
          "attributes": {
            "arn": "arn:aws:iam::756594419684:role/cost-tracker-lambda-role",
            "assume_role_policy": "{\"Statement\":[{\"Action\":\"sts:AssumeRole\",\"Effect\":\"Allow\",\"Principal\":{\"Service\":\"lambda.amazonaws.com\"}}],\"Version\":\"2012-10-17\"}",
            "create_date": "2025-10-01T00:34:16Z",
            "description": "",
            "force_detach_policies": false,
            "id": "cost-tracker-lambda-role",
            "inline_policy": [
              {
                "name": "cost-tracker-lambda-policy",
                "policy": "{\"Version\":\"2012-10-17\",\"Statement\":[{\"Action\":[\"logs:CreateLogGroup\",\"logs:CreateLogStream\",\"logs:PutLogEvents\"],\"Effect\":\"Allow\",\"Resource\":\"arn:aws:logs:*:*:*\"},{\"Action\":[\"dynamodb:PutItem\",\"dynamodb:GetItem\",\"dynamodb:Scan\",\"dynamodb:Query\"],\"Effect\":\"Allow\",\"Resource\":\"arn:aws:dynamodb:us-east-1:756594419684:table/cost-tracker-cost-logs\"},{\"Action\":[\"ce:GetDimensionValues\",\"ce:GetUsageAndCosts\",\"ce:GetCostAndUsage\",\"ce:GetCostForecast\"],\"Effect\":\"Allow\",\"Resource\":\"*\"},{\"Action\":[\"cloudwatch:PutMetricAlarm\",\"cloudwatch:DescribeAlarms\",\"cloudwatch:GetMetricStatistics\"],\"Effect\":\"Allow\",\"Resource\":\"*\"},{\"Action\":[\"ec2:DescribeInstances\",\"ec2:StopInstances\",\"ec2:TerminateInstances\",\"ec2:DescribeInstanceStatus\"],\"Effect\":\"Allow\",\"Resource\":\"*\"},{\"Action\":[\"sns:Publish\"],\"Effect\":\"Allow\",\"Resource\":\"arn:aws:sns:us-east-1:756594419684:cost-tracker-cost-alerts\"}]}"
              }
            ],
            "managed_policy_arns": [],
            "max_session_duration": 3600,
            "name": "cost-tracker-lambda-role",
            "name_prefix": "",
            "path": "/",
            "permissions_boundary": "",
            "tags": {
              "Environment": "dev",
              "Name": "cost-tracker-lambda-role"
            },
            "tags_all": {
              "Environment": "dev",
              "Name": "cost-tracker-lambda-role"
            },
            "unique_id": "AROA3AKEKU7SMRAFJM3MO"
          },
          "sensitive_attributes": [],
          "identity_schema_version": 0,
          "private": "bnVsbA==",
          "create_before_destroy": true
        }
      ]
    },
    {
      "mode": "managed",
      "type": "aws_iam_role_policy",
      "name": "lambda_policy",
      "provider": "provider[\"registry.terraform.io/hashicorp/aws\"]",
      "instances": [
        {
          "schema_version": 0,
          "attributes": {
            "id": "cost-tracker-lambda-role:cost-tracker-lambda-policy",
            "name": "cost-tracker-lambda-policy",
            "name_prefix": "",
            "policy": "{\"Version\":\"2012-10-17\",\"Statement\":[{\"Action\":[\"logs:CreateLogGroup\",\"logs:CreateLogStream\",\"logs:PutLogEvents\"],\"Effect\":\"Allow\",\"Resource\":\"arn:aws:logs:*:*:*\"},{\"Action\":[\"dynamodb:PutItem\",\"dynamodb:GetItem\",\"dynamodb:Scan\",\"dynamodb:Query\"],\"Effect\":\"Allow\",\"Resource\":\"arn:aws:dynamodb:us-east-1:756594419684:table/cost-tracker-cost-logs\"},{\"Action\":[\"ce:GetDimensionValues\",\"ce:GetUsageAndCosts\",\"ce:GetCostAndUsage\",\"ce:GetCostForecast\"],\"Effect\":\"Allow\",\"Resource\":\"*\"},{\"Action\":[\"cloudwatch:PutMetricAlarm\",\"cloudwatch:DescribeAlarms\",\"cloudwatch:GetMetricStatistics\"],\"Effect\":\"Allow\",\"Resource\":\"*\"},{\"Action\":[\"ec2:DescribeInstances\",\"ec2:StopInstances\",\"ec2:TerminateInstances\",\"ec2:DescribeInstanceStatus\"],\"Effect\":\"Allow\",\"Resource\":\"*\"},{\"Action\":[\"sns:Publish\"],\"Effect\":\"Allow\",\"Resource\":\"arn:aws:sns:us-east-1:756594419684:cost-tracker-cost-alerts\"}]}",
            "role": "cost-tracker-lambda-role"
          },
          "sensitive_attributes": [],
          "identity_schema_version": 0,
          "private": "bnVsbA==",
          "dependencies": [
            "aws_dynamodb_table.cost_logs",
            "aws_iam_role.lambda_role",
            "aws_sns_topic.cost_alerts"
          ]
        }
      ]
    },
    {
      "mode": "managed",
      "type": "aws_lambda_function",
      "name": "api_handler",
      "provider": "provider[\"registry.terraform.io/hashicorp/aws\"]",
      "instances": [
        {
          "schema_version": 0,
          "attributes": {
            "architectures": [
              "x86_64"
            ],
            "arn": "arn:aws:lambda:us-east-1:756594419684:function:cost-tracker-api-handler",
            "code_sha256": "3OM4Z3EdMr6obfmOAA2rhLlqwtEifTbh9Pyug429eoY=",
            "code_signing_config_arn": "",
            "dead_letter_config": [],
            "description": "",
            "environment": [
              {
                "variables": {
                  "DDB_TABLE": "cost-tracker-cost-logs",
                  "SNS_TOPIC_ARN": "arn:aws:sns:us-east-1:756594419684:cost-tracker-cost-alerts"
                }
              }
            ],
            "ephemeral_storage": [
              {
                "size": 512
              }
            ],
            "file_system_config": [],
            "filename": "./lambda/api_handler.zip",
            "function_name": "cost-tracker-api-handler",
            "handler": "api_handler.lambda_handler",
            "id": "cost-tracker-api-handler",
            "image_config": [],
            "image_uri": "",
            "invoke_arn": "arn:aws:apigateway:us-east-1:lambda:path/2015-03-31/functions/arn:aws:lambda:us-east-1:756594419684:function:cost-tracker-api-handler/invocations",
            "kms_key_arn": "",
            "last_modified": "2025-10-03T10:39:16.000+0000",
            "layers": [],
            "logging_config": [
              {
                "application_log_level": "",
                "log_format": "Text",
                "log_group": "/aws/lambda/cost-tracker-api-handler",
                "system_log_level": ""
              }
            ],
            "memory_size": 128,
            "package_type": "Zip",
            "publish": false,
            "qualified_arn": "arn:aws:lambda:us-east-1:756594419684:function:cost-tracker-api-handler:$LATEST",
            "qualified_invoke_arn": "arn:aws:apigateway:us-east-1:lambda:path/2015-03-31/functions/arn:aws:lambda:us-east-1:756594419684:function:cost-tracker-api-handler:$LATEST/invocations",
            "replace_security_groups_on_destroy": null,
            "replacement_security_group_ids": null,
            "reserved_concurrent_executions": -1,
            "role": "arn:aws:iam::756594419684:role/cost-tracker-lambda-role",
            "runtime": "python3.9",
            "s3_bucket": null,
            "s3_key": null,
            "s3_object_version": null,
            "signing_job_arn": "",
            "signing_profile_version_arn": "",
            "skip_destroy": false,
            "snap_start": [],
            "source_code_hash": "3OM4Z3EdMr6obfmOAA2rhLlqwtEifTbh9Pyug429eoY=",
            "source_code_size": 6166,
            "tags": {
              "Environment": "dev",
              "Name": "cost-tracker-api-handler"
            },
            "tags_all": {
              "Environment": "dev",
              "Name": "cost-tracker-api-handler"
            },
            "timeout": 30,
            "timeouts": null,
            "tracing_config": [
              {
                "mode": "PassThrough"
              }
            ],
            "version": "$LATEST",
            "vpc_config": []
          },
          "sensitive_attributes": [],
          "identity_schema_version": 0,
          "private": "eyJlMmJmYjczMC1lY2FhLTExZTYtOGY4OC0zNDM2M2JjN2M0YzAiOnsiY3JlYXRlIjo2MDAwMDAwMDAwMDAsImRlbGV0ZSI6NjAwMDAwMDAwMDAwLCJ1cGRhdGUiOjYwMDAwMDAwMDAwMH19",
          "dependencies": [
            "aws_dynamodb_table.cost_logs",
            "aws_iam_role.lambda_role",
            "aws_sns_topic.cost_alerts",
            "data.archive_file.api_handler_zip"
          ],
          "create_before_destroy": true
        }
      ]
    },
    {
      "mode": "managed",
      "type": "aws_lambda_function",
      "name": "cost_logger",
      "provider": "provider[\"registry.terraform.io/hashicorp/aws\"]",
      "instances": [
        {
          "schema_version": 0,
          "attributes": {
            "architectures": [
              "x86_64"
            ],
            "arn": "arn:aws:lambda:us-east-1:756594419684:function:cost-tracker-cost-logger",
            "code_sha256": "CRE9alIUe8qtCDQxV0r9HjL0N/2PLbNsQGfFUyTpcS0=",
            "code_signing_config_arn": "",
            "dead_letter_config": [],
            "description": "",
            "environment": [
              {
                "variables": {
                  "DDB_TABLE": "cost-tracker-cost-logs"
                }
              }
            ],
            "ephemeral_storage": [
              {
                "size": 512
              }
            ],
            "file_system_config": [],
            "filename": "./lambda/cost_logger.zip",
            "function_name": "cost-tracker-cost-logger",
            "handler": "cost_logger.lambda_handler",
            "id": "cost-tracker-cost-logger",
            "image_config": [],
            "image_uri": "",
            "invoke_arn": "arn:aws:apigateway:us-east-1:lambda:path/2015-03-31/functions/arn:aws:lambda:us-east-1:756594419684:function:cost-tracker-cost-logger/invocations",
            "kms_key_arn": "",
            "last_modified": "2025-10-03T10:25:33.000+0000",
            "layers": [],
            "logging_config": [
              {
                "application_log_level": "",
                "log_format": "Text",
                "log_group": "/aws/lambda/cost-tracker-cost-logger",
                "system_log_level": ""
              }
            ],
            "memory_size": 128,
            "package_type": "Zip",
            "publish": false,
            "qualified_arn": "arn:aws:lambda:us-east-1:756594419684:function:cost-tracker-cost-logger:$LATEST",
            "qualified_invoke_arn": "arn:aws:apigateway:us-east-1:lambda:path/2015-03-31/functions/arn:aws:lambda:us-east-1:756594419684:function:cost-tracker-cost-logger:$LATEST/invocations",
            "replace_security_groups_on_destroy": null,
            "replacement_security_group_ids": null,
            "reserved_concurrent_executions": -1,
            "role": "arn:aws:iam::756594419684:role/cost-tracker-lambda-role",
            "runtime": "python3.9",
            "s3_bucket": null,
            "s3_key": null,
            "s3_object_version": null,
            "signing_job_arn": "",
            "signing_profile_version_arn": "",
            "skip_destroy": false,
            "snap_start": [],
            "source_code_hash": "CRE9alIUe8qtCDQxV0r9HjL0N/2PLbNsQGfFUyTpcS0=",
            "source_code_size": 3395,
            "tags": {
              "Environment": "dev",
              "Name": "cost-tracker-cost-logger"
            },
            "tags_all": {
              "Environment": "dev",
              "Name": "cost-tracker-cost-logger"
            },
            "timeout": 60,
            "timeouts": null,
            "tracing_config": [
              {
                "mode": "PassThrough"
              }
            ],
            "version": "$LATEST",
            "vpc_config": []
          },
          "sensitive_attributes": [],
          "identity_schema_version": 0,
          "private": "eyJlMmJmYjczMC1lY2FhLTExZTYtOGY4OC0zNDM2M2JjN2M0YzAiOnsiY3JlYXRlIjo2MDAwMDAwMDAwMDAsImRlbGV0ZSI6NjAwMDAwMDAwMDAwLCJ1cGRhdGUiOjYwMDAwMDAwMDAwMH19",
          "dependencies": [
            "aws_dynamodb_table.cost_logs",
            "aws_iam_role.lambda_role",
            "data.archive_file.cost_logger_zip"
          ]
        }
      ]
    },
    {
      "mode": "managed",
      "type": "aws_lambda_permission",
      "name": "allow_sns",
      "provider": "provider[\"registry.terraform.io/hashicorp/aws\"]",
      "instances": [
        {
          "schema_version": 0,
          "attributes": {
            "action": "lambda:InvokeFunction",
            "event_source_token": null,
            "function_name": "cost-tracker-cost-logger",
            "function_url_auth_type": null,
            "id": "AllowExecutionFromSNS",
            "principal": "sns.amazonaws.com",
            "principal_org_id": null,
            "qualifier": "",
            "source_account": null,
            "source_arn": "arn:aws:sns:us-east-1:756594419684:cost-tracker-cost-alerts",
            "statement_id": "AllowExecutionFromSNS",
            "statement_id_prefix": ""
          },
          "sensitive_attributes": [],
          "identity_schema_version": 0,
          "private": "bnVsbA==",
          "dependencies": [
            "aws_dynamodb_table.cost_logs",
            "aws_iam_role.lambda_role",
            "aws_lambda_function.cost_logger",
            "aws_sns_topic.cost_alerts",
            "data.archive_file.cost_logger_zip"
          ]
        }
      ]
    },
    {
      "mode": "managed",
      "type": "aws_lambda_permission",
      "name": "api_gateway",
      "provider": "provider[\"registry.terraform.io/hashicorp/aws\"]",
      "instances": [
        {
          "schema_version": 0,
          "attributes": {
            "action": "lambda:InvokeFunction",
            "event_source_token": null,
            "function_name": "cost-tracker-api-handler",
            "function_url_auth_type": null,
            "id": "AllowExecutionFromAPIGateway",
            "principal": "apigateway.amazonaws.com",
            "principal_org_id": null,
            "qualifier": "",
            "source_account": null,
            "source_arn": "arn:aws:execute-api:us-east-1:756594419684:vf8wpnzzgf/*/*",
            "statement_id": "AllowExecutionFromAPIGateway",
            "statement_id_prefix": ""
          },
          "sensitive_attributes": [],
          "identity_schema_version": 0,
          "private": "bnVsbA==",
          "dependencies": [
            "aws_api_gateway_rest_api.cost_tracker_api",
            "aws_dynamodb_table.cost_logs",
            "aws_iam_role.lambda_role",
            "aws_lambda_function.api_handler",
            "aws_sns_topic.cost_alerts",
            "data.archive_file.api_handler_zip"
          ]
        }
      ]
    },
    {
      "mode": "managed",
      "type": "aws_s3_bucket",
      "name": "dashboard_bucket",
      "provider": "provider[\"registry.terraform.io/hashicorp/aws\"]",
      "instances": [
        {
          "schema_version": 0,
          "attributes": {
            "acceleration_status": "",
            "acl": null,
            "arn": "arn:aws:s3:::cost-tracker-dashboard-8exmz3u1",
            "bucket": "cost-tracker-dashboard-8exmz3u1",
            "bucket_domain_name": "cost-tracker-dashboard-8exmz3u1.s3.amazonaws.com",
            "bucket_prefix": "",
            "bucket_regional_domain_name": "cost-tracker-dashboard-8exmz3u1.s3.us-east-1.amazonaws.com",
            "cors_rule": [],
            "force_destroy": false,
            "grant": [
              {
                "id": "f1947510acdd7c064293d9cf85fb7168040cc24486ce22be3b6d4d0329496fb9",
                "permissions": [
                  "FULL_CONTROL"
                ],
                "type": "CanonicalUser",
                "uri": ""
              }
            ],
            "hosted_zone_id": "Z3AQBSTGFYJSTF",
            "id": "cost-tracker-dashboard-8exmz3u1",
            "lifecycle_rule": [],
            "logging": [],
            "object_lock_configuration": [],
            "object_lock_enabled": false,
            "policy": "{\"Statement\":[{\"Action\":\"s3:GetObject\",\"Effect\":\"Allow\",\"Principal\":\"*\",\"Resource\":\"arn:aws:s3:::cost-tracker-dashboard-8exmz3u1/*\",\"Sid\":\"PublicReadGetObject\"}],\"Version\":\"2012-10-17\"}",
            "region": "us-east-1",
            "replication_configuration": [],
            "request_payer": "BucketOwner",
            "server_side_encryption_configuration": [
              {
                "rule": [
                  {
                    "apply_server_side_encryption_by_default": [
                      {
                        "kms_master_key_id": "",
                        "sse_algorithm": "AES256"
                      }
                    ],
                    "bucket_key_enabled": false
                  }
                ]
              }
            ],
            "tags": {
              "Environment": "dev",
              "Name": "cost-tracker-dashboard"
            },
            "tags_all": {
              "Environment": "dev",
              "Name": "cost-tracker-dashboard"
            },
            "timeouts": null,
            "versioning": [
              {
                "enabled": false,
                "mfa_delete": false
              }
            ],
            "website": [
              {
                "error_document": "error.html",
                "index_document": "index.html",
                "redirect_all_requests_to": "",
                "routing_rules": ""
              }
            ],
            "website_domain": "s3-website-us-east-1.amazonaws.com",
            "website_endpoint": "cost-tracker-dashboard-8exmz3u1.s3-website-us-east-1.amazonaws.com"
          },
          "sensitive_attributes": [],
          "identity_schema_version": 0,
          "private": "eyJlMmJmYjczMC1lY2FhLTExZTYtOGY4OC0zNDM2M2JjN2M0YzAiOnsiY3JlYXRlIjoxMjAwMDAwMDAwMDAwLCJkZWxldGUiOjM2MDAwMDAwMDAwMDAsInJlYWQiOjEyMDAwMDAwMDAwMDAsInVwZGF0ZSI6MTIwMDAwMDAwMDAwMH19",
          "dependencies": [
            "random_string.bucket_suffix"
          ]
        }
      ]
    },
    {
      "mode": "managed",
      "type": "aws_s3_bucket_policy",
      "name": "dashboard_bucket_policy",
      "provider": "provider[\"registry.terraform.io/hashicorp/aws\"]",
      "instances": [
        {
          "schema_version": 0,
          "attributes": {
            "bucket": "cost-tracker-dashboard-8exmz3u1",
            "id": "cost-tracker-dashboard-8exmz3u1",
            "policy": "{\"Statement\":[{\"Action\":\"s3:GetObject\",\"Effect\":\"Allow\",\"Principal\":\"*\",\"Resource\":\"arn:aws:s3:::cost-tracker-dashboard-8exmz3u1/*\",\"Sid\":\"PublicReadGetObject\"}],\"Version\":\"2012-10-17\"}"
          },
          "sensitive_attributes": [],
          "identity_schema_version": 0,
          "private": "bnVsbA==",
          "dependencies": [
            "aws_s3_bucket.dashboard_bucket",
            "aws_s3_bucket_public_access_block.dashboard_bucket_pab",
            "random_string.bucket_suffix"
          ]
        }
      ]
    },
    {
      "mode": "managed",
      "type": "aws_s3_bucket_public_access_block",
      "name": "dashboard_bucket_pab",
      "provider": "provider[\"registry.terraform.io/hashicorp/aws\"]",
      "instances": [
        {
          "schema_version": 0,
          "attributes": {
            "block_public_acls": false,
            "block_public_policy": false,
            "bucket": "cost-tracker-dashboard-8exmz3u1",
            "id": "cost-tracker-dashboard-8exmz3u1",
            "ignore_public_acls": false,
            "restrict_public_buckets": false
          },
          "sensitive_attributes": [],
          "identity_schema_version": 0,
          "private": "bnVsbA==",
          "dependencies": [
            "aws_s3_bucket.dashboard_bucket",
            "random_string.bucket_suffix"
          ]
        }
      ]
    },
    {
      "mode": "managed",
      "type": "aws_s3_bucket_website_configuration",
      "name": "dashboard_website",
      "provider": "provider[\"registry.terraform.io/hashicorp/aws\"]",
      "instances": [
        {
          "schema_version": 0,
          "attributes": {
            "bucket": "cost-tracker-dashboard-8exmz3u1",
            "error_document": [
              {
                "key": "error.html"
              }
            ],
            "expected_bucket_owner": "",
            "id": "cost-tracker-dashboard-8exmz3u1",
            "index_document": [
              {
                "suffix": "index.html"
              }
            ],
            "redirect_all_requests_to": [],
            "routing_rule": [],
            "routing_rules": "",
            "website_domain": "s3-website-us-east-1.amazonaws.com",
            "website_endpoint": "cost-tracker-dashboard-8exmz3u1.s3-website-us-east-1.amazonaws.com"
          },
          "sensitive_attributes": [],
          "identity_schema_version": 0,
          "private": "bnVsbA==",
          "dependencies": [
            "aws_s3_bucket.dashboard_bucket",
            "random_string.bucket_suffix"
          ]
        }
      ]
    },
    {
      "mode": "managed",
      "type": "aws_s3_object",
      "name": "dashboard_html",
      "provider": "provider[\"registry.terraform.io/hashicorp/aws\"]",
      "instances": [
        {
          "schema_version": 0,
          "attributes": {
            "acl": null,
            "arn": "arn:aws:s3:::cost-tracker-dashboard-8exmz3u1/index.html",
            "bucket": "cost-tracker-dashboard-8exmz3u1",
            "bucket_key_enabled": false,
            "cache_control": "",
            "checksum_algorithm": null,
            "checksum_crc32": "",
            "checksum_crc32c": "",
            "checksum_crc64nvme": "",
            "checksum_sha1": "",
            "checksum_sha256": "",
            "content": null,
            "content_base64": null,
            "content_disposition": "",
            "content_encoding": "",
            "content_language": "",
            "content_type": "text/html",
            "etag": "fd62655a83d8f5086ef8f490f05fddf5",
            "force_destroy": false,
            "id": "index.html",
            "key": "index.html",
            "kms_key_id": null,
            "metadata": {},
            "object_lock_legal_hold_status": "",
            "object_lock_mode": "",
            "object_lock_retain_until_date": "",
            "override_provider": [],
            "server_side_encryption": "AES256",
            "source": "./frontend/index.html",
            "source_hash": null,
            "storage_class": "STANDARD",
            "tags": {},
            "tags_all": {},
            "version_id": "",
            "website_redirect": ""
          },
          "sensitive_attributes": [],
          "identity_schema_version": 0,
          "private": "bnVsbA==",
          "dependencies": [
            "aws_s3_bucket.dashboard_bucket",
            "random_string.bucket_suffix"
          ]
        }
      ]
    },
    {
      "mode": "managed",
      "type": "aws_s3_object",
      "name": "dashboard_js",
      "provider": "provider[\"registry.terraform.io/hashicorp/aws\"]",
      "instances": [
        {
          "schema_version": 0,
          "attributes": {
            "acl": null,
            "arn": "arn:aws:s3:::cost-tracker-dashboard-8exmz3u1/dashboard.js",
            "bucket": "cost-tracker-dashboard-8exmz3u1",
            "bucket_key_enabled": false,
            "cache_control": "",
            "checksum_algorithm": null,
            "checksum_crc32": "",
            "checksum_crc32c": "",
            "checksum_crc64nvme": "",
            "checksum_sha1": "",
            "checksum_sha256": "",
            "content": null,
            "content_base64": null,
            "content_disposition": "",
            "content_encoding": "",
            "content_language": "",
            "content_type": "application/javascript",
            "etag": "d70737905e286a3dd3d51e4794293a0a",
            "force_destroy": false,
            "id": "dashboard.js",
            "key": "dashboard.js",
            "kms_key_id": null,
            "metadata": {},
            "object_lock_legal_hold_status": "",
            "object_lock_mode": "",
            "object_lock_retain_until_date": "",
            "override_provider": [],
            "server_side_encryption": "AES256",
            "source": "./frontend/dashboard.js",
            "source_hash": null,
            "storage_class": "STANDARD",
            "tags": {},
            "tags_all": {},
            "version_id": "",
            "website_redirect": ""
          },
          "sensitive_attributes": [],
          "identity_schema_version": 0,
          "private": "bnVsbA==",
          "dependencies": [
            "aws_s3_bucket.dashboard_bucket",
            "random_string.bucket_suffix"
          ]
        }
      ]
    },
    {
      "mode": "managed",
      "type": "aws_sns_topic",
      "name": "cost_alerts",
      "provider": "provider[\"registry.terraform.io/hashicorp/aws\"]",
      "instances": [
        {
          "schema_version": 0,
          "attributes": {
            "application_failure_feedback_role_arn": "",
            "application_success_feedback_role_arn": "",
            "application_success_feedback_sample_rate": 0,
            "archive_policy": "",
            "arn": "arn:aws:sns:us-east-1:756594419684:cost-tracker-cost-alerts",
            "beginning_archive_time": "",
            "content_based_deduplication": false,
            "delivery_policy": "",
            "display_name": "",
            "fifo_throughput_scope": "",
            "fifo_topic": false,
            "firehose_failure_feedback_role_arn": "",
            "firehose_success_feedback_role_arn": "",
            "firehose_success_feedback_sample_rate": 0,
            "http_failure_feedback_role_arn": "",
            "http_success_feedback_role_arn": "",
            "http_success_feedback_sample_rate": 0,
            "id": "arn:aws:sns:us-east-1:756594419684:cost-tracker-cost-alerts",
            "kms_master_key_id": "",
            "lambda_failure_feedback_role_arn": "",
            "lambda_success_feedback_role_arn": "",
            "lambda_success_feedback_sample_rate": 0,
            "name": "cost-tracker-cost-alerts",
            "name_prefix": "",
            "owner": "756594419684",
            "policy": "{\"Statement\":[{\"Action\":\"sns:Publish\",\"Condition\":{\"StringEquals\":{\"aws:SourceAccount\":\"756594419684\"}},\"Effect\":\"Allow\",\"Principal\":{\"Service\":\"events.amazonaws.com\"},\"Resource\":\"arn:aws:sns:us-east-1:756594419684:cost-tracker-cost-alerts\"}],\"Version\":\"2012-10-17\"}",
            "signature_version": 0,
            "sqs_failure_feedback_role_arn": "",
            "sqs_success_feedback_role_arn": "",
            "sqs_success_feedback_sample_rate": 0,
            "tags": {
              "Environment": "dev",
              "Name": "cost-tracker-cost-alerts"
            },
            "tags_all": {
              "Environment": "dev",
              "Name": "cost-tracker-cost-alerts"
            },
            "tracing_config": ""
          },
          "sensitive_attributes": [],
          "identity_schema_version": 0,
          "private": "bnVsbA==",
          "create_before_destroy": true
        }
      ]
    },
    {
      "mode": "managed",
      "type": "aws_sns_topic_policy",
      "name": "eventbridge_policy",
      "provider": "provider[\"registry.terraform.io/hashicorp/aws\"]",
      "instances": [
        {
          "schema_version": 0,
          "attributes": {
            "arn": "arn:aws:sns:us-east-1:756594419684:cost-tracker-cost-alerts",
            "id": "arn:aws:sns:us-east-1:756594419684:cost-tracker-cost-alerts",
            "owner": "756594419684",
            "policy": "{\"Statement\":[{\"Action\":\"sns:Publish\",\"Condition\":{\"StringEquals\":{\"aws:SourceAccount\":\"756594419684\"}},\"Effect\":\"Allow\",\"Principal\":{\"Service\":\"events.amazonaws.com\"},\"Resource\":\"arn:aws:sns:us-east-1:756594419684:cost-tracker-cost-alerts\"}],\"Version\":\"2012-10-17\"}"
          },
          "sensitive_attributes": [],
          "identity_schema_version": 0,
          "private": "bnVsbA==",
          "dependencies": [
            "aws_sns_topic.cost_alerts",
            "data.aws_caller_identity.current"
          ]
        }
      ]
    },
    {
      "mode": "managed",
      "type": "aws_sns_topic_subscription",
      "name": "email_notification",
      "provider": "provider[\"registry.terraform.io/hashicorp/aws\"]",
      "instances": [
        {
          "schema_version": 0,
          "attributes": {
            "arn": "arn:aws:sns:us-east-1:756594419684:cost-tracker-cost-alerts:d1438425-6f67-4a67-9b87-a3bd1cd52211",
            "confirmation_timeout_in_minutes": 1,
            "confirmation_was_authenticated": false,
            "delivery_policy": "",
            "endpoint": "samueldivine2021@gmail.com",
            "endpoint_auto_confirms": false,
            "filter_policy": "",
            "filter_policy_scope": "",
            "id": "arn:aws:sns:us-east-1:756594419684:cost-tracker-cost-alerts:d1438425-6f67-4a67-9b87-a3bd1cd52211",
            "owner_id": "756594419684",
            "pending_confirmation": false,
            "protocol": "email",
            "raw_message_delivery": false,
            "redrive_policy": "",
            "replay_policy": "",
            "subscription_role_arn": "",
            "topic_arn": "arn:aws:sns:us-east-1:756594419684:cost-tracker-cost-alerts"
          },
          "sensitive_attributes": [],
          "identity_schema_version": 0,
          "private": "bnVsbA==",
          "dependencies": [
            "aws_sns_topic.cost_alerts"
          ]
        }
      ]
    },
    {
      "mode": "managed",
      "type": "aws_sns_topic_subscription",
      "name": "lambda_subscription",
      "provider": "provider[\"registry.terraform.io/hashicorp/aws\"]",
      "instances": [
        {
          "schema_version": 0,
          "attributes": {
            "arn": "arn:aws:sns:us-east-1:756594419684:cost-tracker-cost-alerts:eb4bb869-9000-430e-8ec0-cff54468ba10",
            "confirmation_timeout_in_minutes": 1,
            "confirmation_was_authenticated": true,
            "delivery_policy": "",
            "endpoint": "arn:aws:lambda:us-east-1:756594419684:function:cost-tracker-cost-logger",
            "endpoint_auto_confirms": false,
            "filter_policy": "",
            "filter_policy_scope": "",
            "id": "arn:aws:sns:us-east-1:756594419684:cost-tracker-cost-alerts:eb4bb869-9000-430e-8ec0-cff54468ba10",
            "owner_id": "756594419684",
            "pending_confirmation": false,
            "protocol": "lambda",
            "raw_message_delivery": false,
            "redrive_policy": "",
            "replay_policy": "",
            "subscription_role_arn": "",
            "topic_arn": "arn:aws:sns:us-east-1:756594419684:cost-tracker-cost-alerts"
          },
          "sensitive_attributes": [],
          "identity_schema_version": 0,
          "private": "bnVsbA==",
          "dependencies": [
            "aws_dynamodb_table.cost_logs",
            "aws_iam_role.lambda_role",
            "aws_lambda_function.cost_logger",
            "aws_sns_topic.cost_alerts",
            "data.archive_file.cost_logger_zip"
          ]
        }
      ]
    },
    {
      "mode": "managed",
      "type": "random_string",
      "name": "bucket_suffix",
      "provider": "provider[\"registry.terraform.io/hashicorp/random\"]",
      "instances": [
        {
          "schema_version": 2,
          "attributes": {
            "id": "8exmz3u1",
            "keepers": null,
            "length": 8,
            "lower": true,
            "min_lower": 0,
            "min_numeric": 0,
            "min_special": 0,
            "min_upper": 0,
            "number": true,
            "numeric": true,
            "override_special": null,
            "result": "8exmz3u1",
            "special": false,
            "upper": false
          },
          "sensitive_attributes": [],
          "identity_schema_version": 0
        }
      ]
    }
  ],
  "check_results": null
}
